# Verwijder node_modules en oude lock file (lokaal)
rm -rf node_modules package-lock.json

# Genereer nieuwe package-lock.json
npm install

# Check of het werkt
ls -la package-lock.json

# Commit en push
git add package.json package-lock.json
git commit -m "📦 Add package-lock.json for Railway build"
git push
